
Microsoft Visual Studio Solution File, Format Version 12.00
# Visual Studio 15
VisualStudioVersion = 15.0.27130.2036
MinimumVisualStudioVersion = 10.0.40219.1
Project("{2150E333-8FDC-42A3-9474-1A3956D46DE8}") = "Solution Items", "Solution Items", "{A8295F22-9FE5-42CB-A966-4695E0DAB1D7}"
	ProjectSection(SolutionItems) = preProject
		Couchbase-Queries.txt = Couchbase-Queries.txt
		CQRS Architecture Diagram.pptx = CQRS Architecture Diagram.pptx
		global.json = global.json
		README.md = README.md
	EndProjectSection
EndProject
Project("{2150E333-8FDC-42A3-9474-1A3956D46DE8}") = "Infrastructure", "Infrastructure", "{475F18FF-8432-4EC1-BF28-E334F71477D2}"
EndProject
Project("{2150E333-8FDC-42A3-9474-1A3956D46DE8}") = "Domain", "Domain", "{45D2EC44-F575-4070-B414-5FFB3141A2AF}"
EndProject
Project("{2150E333-8FDC-42A3-9474-1A3956D46DE8}") = "Portal", "Portal", "{9AE93CE7-D584-4278-BACD-9E516CD1E100}"
EndProject
Project("{2150E333-8FDC-42A3-9474-1A3956D46DE8}") = "Service", "Service", "{8805485D-81EB-4F43-BAED-350CEC77F8B6}"
EndProject
Project("{9A19103F-16F7-4668-BE54-9A1E7A4F7556}") = "CorePub", "CorePub\CorePub.csproj", "{0B6CB9CB-0A1D-479B-B733-0373A37EF009}"
	ProjectSection(ProjectDependencies) = postProject
		{97281006-6EA4-44FD-B825-0AA280CAE1A2} = {97281006-6EA4-44FD-B825-0AA280CAE1A2}
	EndProjectSection
EndProject
Project("{2150E333-8FDC-42A3-9474-1A3956D46DE8}") = "Core", "Core", "{99B51D8C-AF72-4D46-9692-4B97CF62BC9E}"
EndProject
Project("{9A19103F-16F7-4668-BE54-9A1E7A4F7556}") = "CorePub.Repositories", "CorePub.Repositories\CorePub.Repositories.csproj", "{97281006-6EA4-44FD-B825-0AA280CAE1A2}"
EndProject
Project("{9A19103F-16F7-4668-BE54-9A1E7A4F7556}") = "CorePub.Foundation", "CorePub.Foundation\CorePub.Foundation.csproj", "{E603C89A-A3D7-4E64-8BEA-27A4FAB7D61C}"
EndProject
Global
	GlobalSection(SolutionConfigurationPlatforms) = preSolution
		Debug|Any CPU = Debug|Any CPU
		Release|Any CPU = Release|Any CPU
	EndGlobalSection
	GlobalSection(ProjectConfigurationPlatforms) = postSolution
		{0B6CB9CB-0A1D-479B-B733-0373A37EF009}.Debug|Any CPU.ActiveCfg = Debug|Any CPU
		{0B6CB9CB-0A1D-479B-B733-0373A37EF009}.Debug|Any CPU.Build.0 = Debug|Any CPU
		{0B6CB9CB-0A1D-479B-B733-0373A37EF009}.Release|Any CPU.ActiveCfg = Release|Any CPU
		{0B6CB9CB-0A1D-479B-B733-0373A37EF009}.Release|Any CPU.Build.0 = Release|Any CPU
		{97281006-6EA4-44FD-B825-0AA280CAE1A2}.Debug|Any CPU.ActiveCfg = Debug|Any CPU
		{97281006-6EA4-44FD-B825-0AA280CAE1A2}.Debug|Any CPU.Build.0 = Debug|Any CPU
		{97281006-6EA4-44FD-B825-0AA280CAE1A2}.Release|Any CPU.ActiveCfg = Release|Any CPU
		{97281006-6EA4-44FD-B825-0AA280CAE1A2}.Release|Any CPU.Build.0 = Release|Any CPU
		{E603C89A-A3D7-4E64-8BEA-27A4FAB7D61C}.Debug|Any CPU.ActiveCfg = Debug|Any CPU
		{E603C89A-A3D7-4E64-8BEA-27A4FAB7D61C}.Debug|Any CPU.Build.0 = Debug|Any CPU
		{E603C89A-A3D7-4E64-8BEA-27A4FAB7D61C}.Release|Any CPU.ActiveCfg = Release|Any CPU
		{E603C89A-A3D7-4E64-8BEA-27A4FAB7D61C}.Release|Any CPU.Build.0 = Release|Any CPU
	EndGlobalSection
	GlobalSection(SolutionProperties) = preSolution
		HideSolutionNode = FALSE
	EndGlobalSection
	GlobalSection(NestedProjects) = preSolution
		{45D2EC44-F575-4070-B414-5FFB3141A2AF} = {475F18FF-8432-4EC1-BF28-E334F71477D2}
		{9AE93CE7-D584-4278-BACD-9E516CD1E100} = {475F18FF-8432-4EC1-BF28-E334F71477D2}
		{8805485D-81EB-4F43-BAED-350CEC77F8B6} = {475F18FF-8432-4EC1-BF28-E334F71477D2}
		{0B6CB9CB-0A1D-479B-B733-0373A37EF009} = {9AE93CE7-D584-4278-BACD-9E516CD1E100}
		{99B51D8C-AF72-4D46-9692-4B97CF62BC9E} = {475F18FF-8432-4EC1-BF28-E334F71477D2}
		{97281006-6EA4-44FD-B825-0AA280CAE1A2} = {45D2EC44-F575-4070-B414-5FFB3141A2AF}
		{E603C89A-A3D7-4E64-8BEA-27A4FAB7D61C} = {99B51D8C-AF72-4D46-9692-4B97CF62BC9E}
	EndGlobalSection
	GlobalSection(ExtensibilityGlobals) = postSolution
		SolutionGuid = {398866AB-2275-4012-B9B2-A717D1FE3317}
	EndGlobalSection
EndGlobal
